
Microsoft Visual Studio Solution File, Format Version 12.00
# Visual Studio Version 17
VisualStudioVersion = 17.3.32804.467
MinimumVisualStudioVersion = 10.0.40219.1
Project("{9A19103F-16F7-4668-BE54-9A1E7A4F7556}") = "WebApiCoder", "WebApiCoder.csproj", "{76511075-D542-4E84-BF6A-FCA7DD04CAC7}"
EndProject
Global
	GlobalSection(SolutionConfigurationPlatforms) = preSolution
		Debug|Any CPU = Debug|Any CPU
		Release|Any CPU = Release|Any CPU
	EndGlobalSection
	GlobalSection(ProjectConfigurationPlatforms) = postSolution
		{76511075-D542-4E84-BF6A-FCA7DD04CAC7}.Debug|Any CPU.ActiveCfg = Debug|Any CPU
		{76511075-D542-4E84-BF6A-FCA7DD04CAC7}.Debug|Any CPU.Build.0 = Debug|Any CPU
		{76511075-D542-4E84-BF6A-FCA7DD04CAC7}.Release|Any CPU.ActiveCfg = Release|Any CPU
		{76511075-D542-4E84-BF6A-FCA7DD04CAC7}.Release|Any CPU.Build.0 = Release|Any CPU
	EndGlobalSection
	GlobalSection(SolutionProperties) = preSolution
		HideSolutionNode = FALSE
	EndGlobalSection
	GlobalSection(ExtensibilityGlobals) = postSolution
		SolutionGuid = {51BA7829-DA76-4EEF-912D-7567CB8B9EF0}
	EndGlobalSection
EndGlobal
